// !$*UTF8*$!
{
	archiveVersion = 1;
	classes = {
	};
	objectVersion = 77;
	objects = {

/* Begin PBXContainerItemProxy section */
		AF41197B2CE7B9B7001AC82A /* PBXContainerItemProxy */ = {
			isa = PBXContainerItemProxy;
			containerPortal = AF4119622CE7B9B4001AC82A /* Project object */;
			proxyType = 1;
			remoteGlobalIDString = AF4119692CE7B9B4001AC82A;
			remoteInfo = CM_NetTest;
		};
		AF4119852CE7B9B7001AC82A /* PBXContainerItemProxy */ = {
			isa = PBXContainerItemProxy;
			containerPortal = AF4119622CE7B9B4001AC82A /* Project object */;
			proxyType = 1;
			remoteGlobalIDString = AF4119692CE7B9B4001AC82A;
			remoteInfo = CM_NetTest;
		};
/* End PBXContainerItemProxy section */

/* Begin PBXFileReference section */
		AF41196A2CE7B9B4001AC82A /* CM_NetTest.app */ = {isa = PBXFileReference; explicitFileType = wrapper.application; includeInIndex = 0; path = CM_NetTest.app; sourceTree = BUILT_PRODUCTS_DIR; };
		AF41197A2CE7B9B7001AC82A /* CM_NetTestTests.xctest */ = {isa = PBXFileReference; explicitFileType = wrapper.cfbundle; includeInIndex = 0; path = CM_NetTestTests.xctest; sourceTree = BUILT_PRODUCTS_DIR; };
		AF4119842CE7B9B7001AC82A /* CM_NetTestUITests.xctest */ = {isa = PBXFileReference; explicitFileType = wrapper.cfbundle; includeInIndex = 0; path = CM_NetTestUITests.xctest; sourceTree = BUILT_PRODUCTS_DIR; };
/* End PBXFileReference section */

/* Begin PBXFileSystemSynchronizedRootGroup section */
		AF41196C2CE7B9B4001AC82A /* CM_NetTest */ = {
			isa = PBXFileSystemSynchronizedRootGroup;
			path = CM_NetTest;
			sourceTree = "<group>";
		};
		AF41197D2CE7B9B7001AC82A /* CM_NetTestTests */ = {
			isa = PBXFileSystemSynchronizedRootGroup;
			path = CM_NetTestTests;
			sourceTree = "<group>";
		};
		AF4119872CE7B9B7001AC82A /* CM_NetTestUITests */ = {
			isa = PBXFileSystemSynchronizedRootGroup;
			path = CM_NetTestUITests;
			sourceTree = "<group>";
		};
/* End PBXFileSystemSynchronizedRootGroup section */

/* Begin PBXFrameworksBuildPhase section */
		AF4119672CE7B9B4001AC82A /* Frameworks */ = {
			isa = PBXFrameworksBuildPhase;
			buildActionMask = 2147483647;
			files = (
			);
			runOnlyForDeploymentPostprocessing = 0;
		};
		AF4119772CE7B9B7001AC82A /* Frameworks */ = {
			isa = PBXFrameworksBuildPhase;
			buildActionMask = 2147483647;
			files = (
			);
			runOnlyForDeploymentPostprocessing = 0;
		};
		AF4119812CE7B9B7001AC82A /* Frameworks */ = {
			isa = PBXFrameworksBuildPhase;
			buildActionMask = 2147483647;
			files = (
			);
			runOnlyForDeploymentPostprocessing = 0;
		};
/* End PBXFrameworksBuildPhase section */

/* Begin PBXGroup section */
		AF4119612CE7B9B4001AC82A = {
			isa = PBXGroup;
			children = (
				AF41196C2CE7B9B4001AC82A /* CM_NetTest */,
				AF41197D2CE7B9B7001AC82A /* CM_NetTestTests */,
				AF4119872CE7B9B7001AC82A /* CM_NetTestUITests */,
				AF41196B2CE7B9B4001AC82A /* Products */,
			);
			sourceTree = "<group>";
		};
		AF41196B2CE7B9B4001AC82A /* Products */ = {
			isa = PBXGroup;
			children = (
				AF41196A2CE7B9B4001AC82A /* CM_NetTest.app */,
				AF41197A2CE7B9B7001AC82A /* CM_NetTestTests.xctest */,
				AF4119842CE7B9B7001AC82A /* CM_NetTestUITests.xctest */,
			);
			name = Products;
			sourceTree = "<group>";
		};
/* End PBXGroup section */

/* Begin PBXNativeTarget section */
		AF4119692CE7B9B4001AC82A /* CM_NetTest */ = {
			isa = PBXNativeTarget;
			buildConfigurationList = AF41198E2CE7B9B7001AC82A /* Build configuration list for PBXNativeTarget "CM_NetTest" */;
			buildPhases = (
				AF4119662CE7B9B4001AC82A /* Sources */,
				AF4119672CE7B9B4001AC82A /* Frameworks */,
				AF4119682CE7B9B4001AC82A /* Resources */,
			);
			buildRules = (
			);
			dependencies = (
			);
			fileSystemSynchronizedGroups = (
				AF41196C2CE7B9B4001AC82A /* CM_NetTest */,
			);
			name = CM_NetTest;
			packageProductDependencies = (
			);
			productName = CM_NetTest;
			productReference = AF41196A2CE7B9B4001AC82A /* CM_NetTest.app */;
			productType = "com.apple.product-type.application";
		};
		AF4119792CE7B9B7001AC82A /* CM_NetTestTests */ = {
			isa = PBXNativeTarget;
			buildConfigurationList = AF4119912CE7B9B7001AC82A /* Build configuration list for PBXNativeTarget "CM_NetTestTests" */;
			buildPhases = (
				AF4119762CE7B9B7001AC82A /* Sources */,
				AF4119772CE7B9B7001AC82A /* Frameworks */,
				AF4119782CE7B9B7001AC82A /* Resources */,
			);
			buildRules = (
			);
			dependencies = (
				AF41197C2CE7B9B7001AC82A /* PBXTargetDependency */,
			);
			fileSystemSynchronizedGroups = (
				AF41197D2CE7B9B7001AC82A /* CM_NetTestTests */,
			);
			name = CM_NetTestTests;
			packageProductDependencies = (
			);
			productName = CM_NetTestTests;
			productReference = AF41197A2CE7B9B7001AC82A /* CM_NetTestTests.xctest */;
			productType = "com.apple.product-type.bundle.unit-test";
		};
		AF4119832CE7B9B7001AC82A /* CM_NetTestUITests */ = {
			isa = PBXNativeTarget;
			buildConfigurationList = AF4119942CE7B9B7001AC82A /* Build configuration list for PBXNativeTarget "CM_NetTestUITests" */;
			buildPhases = (
				AF4119802CE7B9B7001AC82A /* Sources */,
				AF4119812CE7B9B7001AC82A /* Frameworks */,
				AF4119822CE7B9B7001AC82A /* Resources */,
			);
			buildRules = (
			);
			dependencies = (
				AF4119862CE7B9B7001AC82A /* PBXTargetDependency */,
			);
			fileSystemSynchronizedGroups = (
				AF4119872CE7B9B7001AC82A /* CM_NetTestUITests */,
			);
			name = CM_NetTestUITests;
			packageProductDependencies = (
			);
			productName = CM_NetTestUITests;
			productReference = AF4119842CE7B9B7001AC82A /* CM_NetTestUITests.xctest */;
			productType = "com.apple.product-type.bundle.ui-testing";
		};
/* End PBXNativeTarget section */

/* Begin PBXProject section */
		AF4119622CE7B9B4001AC82A /* Project object */ = {
			isa = PBXProject;
			attributes = {
				BuildIndependentTargetsInParallel = 1;
				LastSwiftUpdateCheck = 1610;
				LastUpgradeCheck = 1610;
				TargetAttributes = {
					AF4119692CE7B9B4001AC82A = {
						CreatedOnToolsVersion = 16.1;
					};
					AF4119792CE7B9B7001AC82A = {
						CreatedOnToolsVersion = 16.1;
						TestTargetID = AF4119692CE7B9B4001AC82A;
					};
					AF4119832CE7B9B7001AC82A = {
						CreatedOnToolsVersion = 16.1;
						TestTargetID = AF4119692CE7B9B4001AC82A;
					};
				};
			};
			buildConfigurationList = AF4119652CE7B9B4001AC82A /* Build configuration list for PBXProject "CM_NetTest" */;
			developmentRegion = en;
			hasScannedForEncodings = 0;
			knownRegions = (
				en,
				Base,
			);
			mainGroup = AF4119612CE7B9B4001AC82A;
			minimizedProjectReferenceProxies = 1;
			preferredProjectObjectVersion = 77;
			productRefGroup = AF41196B2CE7B9B4001AC82A /* Products */;
			projectDirPath = "";
			projectRoot = "";
			targets = (
				AF4119692CE7B9B4001AC82A /* CM_NetTest */,
				AF4119792CE7B9B7001AC82A /* CM_NetTestTests */,
				AF4119832CE7B9B7001AC82A /* CM_NetTestUITests */,
			);
		};
/* End PBXProject section */

/* Begin PBXResourcesBuildPhase section */
		AF4119682CE7B9B4001AC82A /* Resources */ = {
			isa = PBXResourcesBuildPhase;
			buildActionMask = 2147483647;
			files = (
			);
			runOnlyForDeploymentPostprocessing = 0;
		};
		AF4119782CE7B9B7001AC82A /* Resources */ = {
			isa = PBXResourcesBuildPhase;
			buildActionMask = 2147483647;
			files = (
			);
			runOnlyForDeploymentPostprocessing = 0;
		};
		AF4119822CE7B9B7001AC82A /* Resources */ = {
			isa = PBXResourcesBuildPhase;
			buildActionMask = 2147483647;
			files = (
			);
			runOnlyForDeploymentPostprocessing = 0;
		};
/* End PBXResourcesBuildPhase section */

/* Begin PBXSourcesBuildPhase section */
		AF4119662CE7B9B4001AC82A /* Sources */ = {
			isa = PBXSourcesBuildPhase;
			buildActionMask = 2147483647;
			files = (
			);
			runOnlyForDeploymentPostprocessing = 0;
		};
		AF4119762CE7B9B7001AC82A /* Sources */ = {
			isa = PBXSourcesBuildPhase;
			buildActionMask = 2147483647;
			files = (
			);
			runOnlyForDeploymentPostprocessing = 0;
		};
		AF4119802CE7B9B7001AC82A /* Sources */ = {
			isa = PBXSourcesBuildPhase;
			buildActionMask = 2147483647;
			files = (
			);
			runOnlyForDeploymentPostprocessing = 0;
		};
/* End PBXSourcesBuildPhase section */

/* Begin PBXTargetDependency section */
		AF41197C2CE7B9B7001AC82A /* PBXTargetDependency */ = {
			isa = PBXTargetDependency;
			target = AF4119692CE7B9B4001AC82A /* CM_NetTest */;
			targetProxy = AF41197B2CE7B9B7001AC82A /* PBXContainerItemProxy */;
		};
		AF4119862CE7B9B7001AC82A /* PBXTargetDependency */ = {
			isa = PBXTargetDependency;
			target = AF4119692CE7B9B4001AC82A /* CM_NetTest */;
			targetProxy = AF4119852CE7B9B7001AC82A /* PBXContainerItemProxy */;
		};
/* End PBXTargetDependency section */

/* Begin XCBuildConfiguration section */
		AF41198C2CE7B9B7001AC82A /* Debug */ = {
			isa = XCBuildConfiguration;
			buildSettings = {
				ALWAYS_SEARCH_USER_PATHS = NO;
				ASSETCATALOG_COMPILER_GENERATE_SWIFT_ASSET_SYMBOL_EXTENSIONS = YES;
				CLANG_ANALYZER_NONNULL = YES;
				CLANG_ANALYZER_NUMBER_OBJECT_CONVERSION = YES_AGGRESSIVE;
				CLANG_CXX_LANGUAGE_STANDARD = "gnu++20";
				CLANG_ENABLE_MODULES = YES;
				CLANG_ENABLE_OBJC_ARC = YES;
				CLANG_ENABLE_OBJC_WEAK = YES;
				CLANG_WARN_BLOCK_CAPTURE_AUTORELEASING = YES;
				CLANG_WARN_BOOL_CONVERSION = YES;
				CLANG_WARN_COMMA = YES;
				CLANG_WARN_CONSTANT_CONVERSION = YES;
				CLANG_WARN_DEPRECATED_OBJC_IMPLEMENTATIONS = YES;
				CLANG_WARN_DIRECT_OBJC_ISA_USAGE = YES_ERROR;
				CLANG_WARN_DOCUMENTATION_COMMENTS = YES;
				CLANG_WARN_EMPTY_BODY = YES;
				CLANG_WARN_ENUM_CONVERSION = YES;
				CLANG_WARN_INFINITE_RECURSION = YES;
				CLANG_WARN_INT_CONVERSION = YES;
				CLANG_WARN_NON_LITERAL_NULL_CONVERSION = YES;
				CLANG_WARN_OBJC_IMPLICIT_RETAIN_SELF = YES;
				CLANG_WARN_OBJC_LITERAL_CONVERSION = YES;
				CLANG_WARN_OBJC_ROOT_CLASS = YES_ERROR;
				CLANG_WARN_QUOTED_INCLUDE_IN_FRAMEWORK_HEADER = YES;
				CLANG_WARN_RANGE_LOOP_ANALYSIS = YES;
				CLANG_WARN_STRICT_PROTOTYPES = YES;
				CLANG_WARN_SUSPICIOUS_MOVE = YES;
				CLANG_WARN_UNGUARDED_AVAILABILITY = YES_AGGRESSIVE;
				CLANG_WARN_UNREACHABLE_CODE = YES;
				CLANG_WARN__DUPLICATE_METHOD_MATCH = YES;
				COPY_PHASE_STRIP = NO;
				DEBUG_INFORMATION_FORMAT = dwarf;
				ENABLE_STRICT_OBJC_MSGSEND = YES;
				ENABLE_TESTABILITY = YES;
				ENABLE_USER_SCRIPT_SANDBOXING = YES;
				GCC_C_LANGUAGE_STANDARD = gnu17;
				GCC_DYNAMIC_NO_PIC = NO;
				GCC_NO_COMMON_BLOCKS = YES;
				GCC_OPTIMIZATION_LEVEL = 0;
				GCC_PREPROCESSOR_DEFINITIONS = (
					"DEBUG=1",
					"$(inherited)",
				);
				GCC_WARN_64_TO_32_BIT_CONVERSION = YES;
				GCC_WARN_ABOUT_RETURN_TYPE = YES_ERROR;
				GCC_WARN_UNDECLARED_SELECTOR = YES;
				GCC_WARN_UNINITIALIZED_AUTOS = YES_AGGRESSIVE;
				GCC_WARN_UNUSED_FUNCTION = YES;
				GCC_WARN_UNUSED_VARIABLE = YES;
				IPHONEOS_DEPLOYMENT_TARGET = 18.1;
				LOCALIZATION_PREFERS_STRING_CATALOGS = YES;
				MTL_ENABLE_DEBUG_INFO = INCLUDE_SOURCE;
				MTL_FAST_MATH = YES;
				ONLY_ACTIVE_ARCH = YES;
				SDKROOT = iphoneos;
				SWIFT_ACTIVE_COMPILATION_CONDITIONS = "DEBUG $(inherited)";
				SWIFT_OPTIMIZATION_LEVEL = "-Onone";
			};
			name = Debug;
		};
		AF41198D2CE7B9B7001AC82A /* Release */ = {
			isa = XCBuildConfiguration;
			buildSettings = {
				ALWAYS_SEARCH_USER_PATHS = NO;
				ASSETCATALOG_COMPILER_GENERATE_SWIFT_ASSET_SYMBOL_EXTENSIONS = YES;
				CLANG_ANALYZER_NONNULL = YES;
				CLANG_ANALYZER_NUMBER_OBJECT_CONVERSION = YES_AGGRESSIVE;
				CLANG_CXX_LANGUAGE_STANDARD = "gnu++20";
				CLANG_ENABLE_MODULES = YES;
				CLANG_ENABLE_OBJC_ARC = YES;
				CLANG_ENABLE_OBJC_WEAK = YES;
				CLANG_WARN_BLOCK_CAPTURE_AUTORELEASING = YES;
				CLANG_WARN_BOOL_CONVERSION = YES;
				CLANG_WARN_COMMA = YES;
				CLANG_WARN_CONSTANT_CONVERSION = YES;
				CLANG_WARN_DEPRECATED_OBJC_IMPLEMENTATIONS = YES;
				CLANG_WARN_DIRECT_OBJC_ISA_USAGE = YES_ERROR;
				CLANG_WARN_DOCUMENTATION_COMMENTS = YES;
				CLANG_WARN_EMPTY_BODY = YES;
				CLANG_WARN_ENUM_CONVERSION = YES;
				CLANG_WARN_INFINITE_RECURSION = YES;
				CLANG_WARN_INT_CONVERSION = YES;
				CLANG_WARN_NON_LITERAL_NULL_CONVERSION = YES;
				CLANG_WARN_OBJC_IMPLICIT_RETAIN_SELF = YES;
				CLANG_WARN_OBJC_LITERAL_CONVERSION = YES;
				CLANG_WARN_OBJC_ROOT_CLASS = YES_ERROR;
				CLANG_WARN_QUOTED_INCLUDE_IN_FRAMEWORK_HEADER = YES;
				CLANG_WARN_RANGE_LOOP_ANALYSIS = YES;
				CLANG_WARN_STRICT_PROTOTYPES = YES;
				CLANG_WARN_SUSPICIOUS_MOVE = YES;
				CLANG_WARN_UNGUARDED_AVAILABILITY = YES_AGGRESSIVE;
				CLANG_WARN_UNREACHABLE_CODE = YES;
				CLANG_WARN__DUPLICATE_METHOD_MATCH = YES;
				COPY_PHASE_STRIP = NO;
				DEBUG_INFORMATION_FORMAT = "dwarf-with-dsym";
				ENABLE_NS_ASSERTIONS = NO;
				ENABLE_STRICT_OBJC_MSGSEND = YES;
				ENABLE_USER_SCRIPT_SANDBOXING = YES;
				GCC_C_LANGUAGE_STANDARD = gnu17;
				GCC_NO_COMMON_BLOCKS = YES;
				GCC_WARN_64_TO_32_BIT_CONVERSION = YES;
				GCC_WARN_ABOUT_RETURN_TYPE = YES_ERROR;
				GCC_WARN_UNDECLARED_SELECTOR = YES;
				GCC_WARN_UNINITIALIZED_AUTOS = YES_AGGRESSIVE;
				GCC_WARN_UNUSED_FUNCTION = YES;
				GCC_WARN_UNUSED_VARIABLE = YES;
				IPHONEOS_DEPLOYMENT_TARGET = 18.1;
				LOCALIZATION_PREFERS_STRING_CATALOGS = YES;
				MTL_ENABLE_DEBUG_INFO = NO;
				MTL_FAST_MATH = YES;
				SDKROOT = iphoneos;
				SWIFT_COMPILATION_MODE = wholemodule;
				VALIDATE_PRODUCT = YES;
			};
			name = Release;
		};
		AF41198F2CE7B9B7001AC82A /* Debug */ = {
			isa = XCBuildConfiguration;
			buildSettings = {
				ASSETCATALOG_COMPILER_APPICON_NAME = AppIcon;
				ASSETCATALOG_COMPILER_GLOBAL_ACCENT_COLOR_NAME = AccentColor;
				CODE_SIGN_ENTITLEMENTS = CM_NetTest/CM_NetTest.entitlements;
				CODE_SIGN_STYLE = Automatic;
				CURRENT_PROJECT_VERSION = 1;
				DEVELOPMENT_ASSET_PATHS = "\"CM_NetTest/Preview Content\"";
				DEVELOPMENT_TEAM = 222VLP3M6X;
				ENABLE_PREVIEWS = YES;
				GENERATE_INFOPLIST_FILE = YES;
				INFOPLIST_FILE = "CM-NetTest-Info.plist";
				INFOPLIST_KEY_UIApplicationSceneManifest_Generation = YES;
				INFOPLIST_KEY_UIApplicationSupportsIndirectInputEvents = YES;
				INFOPLIST_KEY_UILaunchScreen_Generation = YES;
				INFOPLIST_KEY_UISupportedInterfaceOrientations_iPad = "UIInterfaceOrientationPortrait UIInterfaceOrientationPortraitUpsideDown UIInterfaceOrientationLandscapeLeft UIInterfaceOrientationLandscapeRight";
				INFOPLIST_KEY_UISupportedInterfaceOrientations_iPhone = "UIInterfaceOrientationPortrait UIInterfaceOrientationLandscapeLeft UIInterfaceOrientationLandscapeRight";
				LD_RUNPATH_SEARCH_PATHS = (
					"$(inherited)",
					"@executable_path/Frameworks",
				);
				MARKETING_VERSION = 1.0;
				PRODUCT_BUNDLE_IDENTIFIER = "consoles.digital.CM-NetTest";
				PRODUCT_NAME = "$(TARGET_NAME)";
				SWIFT_EMIT_LOC_STRINGS = YES;
				SWIFT_VERSION = 5.0;
				TARGETED_DEVICE_FAMILY = "1,2";
			};
			name = Debug;
		};
		AF4119902CE7B9B7001AC82A /* Release */ = {
			isa = XCBuildConfiguration;
			buildSettings = {
				ASSETCATALOG_COMPILER_APPICON_NAME = AppIcon;
				ASSETCATALOG_COMPILER_GLOBAL_ACCENT_COLOR_NAME = AccentColor;
				CODE_SIGN_ENTITLEMENTS = CM_NetTest/CM_NetTest.entitlements;
				CODE_SIGN_STYLE = Automatic;
				CURRENT_PROJECT_VERSION = 1;
				DEVELOPMENT_ASSET_PATHS = "\"CM_NetTest/Preview Content\"";
				DEVELOPMENT_TEAM = 222VLP3M6X;
				ENABLE_PREVIEWS = YES;
				GENERATE_INFOPLIST_FILE = YES;
				INFOPLIST_FILE = "CM-NetTest-Info.plist";
				INFOPLIST_KEY_UIApplicationSceneManifest_Generation = YES;
				INFOPLIST_KEY_UIApplicationSupportsIndirectInputEvents = YES;
				INFOPLIST_KEY_UILaunchScreen_Generation = YES;
				INFOPLIST_KEY_UISupportedInterfaceOrientations_iPad = "UIInterfaceOrientationPortrait UIInterfaceOrientationPortraitUpsideDown UIInterfaceOrientationLandscapeLeft UIInterfaceOrientationLandscapeRight";
				INFOPLIST_KEY_UISupportedInterfaceOrientations_iPhone = "UIInterfaceOrientationPortrait UIInterfaceOrientationLandscapeLeft UIInterfaceOrientationLandscapeRight";
				LD_RUNPATH_SEARCH_PATHS = (
					"$(inherited)",
					"@executable_path/Frameworks",
				);
				MARKETING_VERSION = 1.0;
				PRODUCT_BUNDLE_IDENTIFIER = "consoles.digital.CM-NetTest";
				PRODUCT_NAME = "$(TARGET_NAME)";
				SWIFT_EMIT_LOC_STRINGS = YES;
				SWIFT_VERSION = 5.0;
				TARGETED_DEVICE_FAMILY = "1,2";
			};
			name = Release;
		};
		AF4119922CE7B9B7001AC82A /* Debug */ = {
			isa = XCBuildConfiguration;
			buildSettings = {
				BUNDLE_LOADER = "$(TEST_HOST)";
				CODE_SIGN_STYLE = Automatic;
				CURRENT_PROJECT_VERSION = 1;
				DEVELOPMENT_TEAM = 222VLP3M6X;
				GENERATE_INFOPLIST_FILE = YES;
				IPHONEOS_DEPLOYMENT_TARGET = 18.1;
				MARKETING_VERSION = 1.0;
				PRODUCT_BUNDLE_IDENTIFIER = "consoles.digital.CM-NetTestTests";
				PRODUCT_NAME = "$(TARGET_NAME)";
				SWIFT_EMIT_LOC_STRINGS = NO;
				SWIFT_VERSION = 5.0;
				TARGETED_DEVICE_FAMILY = "1,2";
				TEST_HOST = "$(BUILT_PRODUCTS_DIR)/CM_NetTest.app/$(BUNDLE_EXECUTABLE_FOLDER_PATH)/CM_NetTest";
			};
			name = Debug;
		};
		AF4119932CE7B9B7001AC82A /* Release */ = {
			isa = XCBuildConfiguration;
			buildSettings = {
				BUNDLE_LOADER = "$(TEST_HOST)";
				CODE_SIGN_STYLE = Automatic;
				CURRENT_PROJECT_VERSION = 1;
				DEVELOPMENT_TEAM = 222VLP3M6X;
				GENERATE_INFOPLIST_FILE = YES;
				IPHONEOS_DEPLOYMENT_TARGET = 18.1;
				MARKETING_VERSION = 1.0;
				PRODUCT_BUNDLE_IDENTIFIER = "consoles.digital.CM-NetTestTests";
				PRODUCT_NAME = "$(TARGET_NAME)";
				SWIFT_EMIT_LOC_STRINGS = NO;
				SWIFT_VERSION = 5.0;
				TARGETED_DEVICE_FAMILY = "1,2";
				TEST_HOST = "$(BUILT_PRODUCTS_DIR)/CM_NetTest.app/$(BUNDLE_EXECUTABLE_FOLDER_PATH)/CM_NetTest";
			};
			name = Release;
		};
		AF4119952CE7B9B7001AC82A /* Debug */ = {
			isa = XCBuildConfiguration;
			buildSettings = {
				CODE_SIGN_STYLE = Automatic;
				CURRENT_PROJECT_VERSION = 1;
				DEVELOPMENT_TEAM = 222VLP3M6X;
				GENERATE_INFOPLIST_FILE = YES;
				MARKETING_VERSION = 1.0;
				PRODUCT_BUNDLE_IDENTIFIER = "consoles.digital.CM-NetTestUITests";
				PRODUCT_NAME = "$(TARGET_NAME)";
				SWIFT_EMIT_LOC_STRINGS = NO;
				SWIFT_VERSION = 5.0;
				TARGETED_DEVICE_FAMILY = "1,2";
				TEST_TARGET_NAME = CM_NetTest;
			};
			name = Debug;
		};
		AF4119962CE7B9B7001AC82A /* Release */ = {
			isa = XCBuildConfiguration;
			buildSettings = {
				CODE_SIGN_STYLE = Automatic;
				CURRENT_PROJECT_VERSION = 1;
				DEVELOPMENT_TEAM = 222VLP3M6X;
				GENERATE_INFOPLIST_FILE = YES;
				MARKETING_VERSION = 1.0;
				PRODUCT_BUNDLE_IDENTIFIER = "consoles.digital.CM-NetTestUITests";
				PRODUCT_NAME = "$(TARGET_NAME)";
				SWIFT_EMIT_LOC_STRINGS = NO;
				SWIFT_VERSION = 5.0;
				TARGETED_DEVICE_FAMILY = "1,2";
				TEST_TARGET_NAME = CM_NetTest;
			};
			name = Release;
		};
/* End XCBuildConfiguration section */

/* Begin XCConfigurationList section */
		AF4119652CE7B9B4001AC82A /* Build configuration list for PBXProject "CM_NetTest" */ = {
			isa = XCConfigurationList;
			buildConfigurations = (
				AF41198C2CE7B9B7001AC82A /* Debug */,
				AF41198D2CE7B9B7001AC82A /* Release */,
			);
			defaultConfigurationIsVisible = 0;
			defaultConfigurationName = Release;
		};
		AF41198E2CE7B9B7001AC82A /* Build configuration list for PBXNativeTarget "CM_NetTest" */ = {
			isa = XCConfigurationList;
			buildConfigurations = (
				AF41198F2CE7B9B7001AC82A /* Debug */,
				AF4119902CE7B9B7001AC82A /* Release */,
			);
			defaultConfigurationIsVisible = 0;
			defaultConfigurationName = Release;
		};
		AF4119912CE7B9B7001AC82A /* Build configuration list for PBXNativeTarget "CM_NetTestTests" */ = {
			isa = XCConfigurationList;
			buildConfigurations = (
				AF4119922CE7B9B7001AC82A /* Debug */,
				AF4119932CE7B9B7001AC82A /* Release */,
			);
			defaultConfigurationIsVisible = 0;
			defaultConfigurationName = Release;
		};
		AF4119942CE7B9B7001AC82A /* Build configuration list for PBXNativeTarget "CM_NetTestUITests" */ = {
			isa = XCConfigurationList;
			buildConfigurations = (
				AF4119952CE7B9B7001AC82A /* Debug */,
				AF4119962CE7B9B7001AC82A /* Release */,
			);
			defaultConfigurationIsVisible = 0;
			defaultConfigurationName = Release;
		};
/* End XCConfigurationList section */
	};
	rootObject = AF4119622CE7B9B4001AC82A /* Project object */;
}
